
Microsoft Visual Studio Solution File, Format Version 12.00
# Visual Studio Version 16
VisualStudioVersion = 16.0.31911.196
MinimumVisualStudioVersion = 10.0.40219.1
Project("{9A19103F-16F7-4668-BE54-9A1E7A4F7556}") = "Itmo.Dormitory.Core", "Itmo.Dormitory.Core\Itmo.Dormitory.Core.csproj", "{E89188D0-043A-4328-A084-1D4DC4824E71}"
EndProject
Project("{9A19103F-16F7-4668-BE54-9A1E7A4F7556}") = "Itmo.Dormitory.Data", "Itmo.Dormitory.Data\Itmo.Dormitory.Data.csproj", "{1EB50CC7-73B1-4A21-B468-88361DE44C63}"
EndProject
Project("{9A19103F-16F7-4668-BE54-9A1E7A4F7556}") = "Itmo.Dormitory.Web", "Itmo.Dormitory.Web\Itmo.Dormitory.Web.csproj", "{48DEA16E-9634-492F-945F-AF4E02F6957D}"
EndProject
Global
	GlobalSection(SolutionConfigurationPlatforms) = preSolution
		Debug|Any CPU = Debug|Any CPU
		Release|Any CPU = Release|Any CPU
	EndGlobalSection
	GlobalSection(ProjectConfigurationPlatforms) = postSolution
		{E89188D0-043A-4328-A084-1D4DC4824E71}.Debug|Any CPU.ActiveCfg = Debug|Any CPU
		{E89188D0-043A-4328-A084-1D4DC4824E71}.Debug|Any CPU.Build.0 = Debug|Any CPU
		{E89188D0-043A-4328-A084-1D4DC4824E71}.Release|Any CPU.ActiveCfg = Release|Any CPU
		{E89188D0-043A-4328-A084-1D4DC4824E71}.Release|Any CPU.Build.0 = Release|Any CPU
		{1EB50CC7-73B1-4A21-B468-88361DE44C63}.Debug|Any CPU.ActiveCfg = Debug|Any CPU
		{1EB50CC7-73B1-4A21-B468-88361DE44C63}.Debug|Any CPU.Build.0 = Debug|Any CPU
		{1EB50CC7-73B1-4A21-B468-88361DE44C63}.Release|Any CPU.ActiveCfg = Release|Any CPU
		{1EB50CC7-73B1-4A21-B468-88361DE44C63}.Release|Any CPU.Build.0 = Release|Any CPU
		{48DEA16E-9634-492F-945F-AF4E02F6957D}.Debug|Any CPU.ActiveCfg = Debug|Any CPU
		{48DEA16E-9634-492F-945F-AF4E02F6957D}.Debug|Any CPU.Build.0 = Debug|Any CPU
		{48DEA16E-9634-492F-945F-AF4E02F6957D}.Release|Any CPU.ActiveCfg = Release|Any CPU
		{48DEA16E-9634-492F-945F-AF4E02F6957D}.Release|Any CPU.Build.0 = Release|Any CPU
	EndGlobalSection
	GlobalSection(SolutionProperties) = preSolution
		HideSolutionNode = FALSE
	EndGlobalSection
	GlobalSection(ExtensibilityGlobals) = postSolution
		SolutionGuid = {96E81668-4417-4649-B9C3-F41B1509EFCA}
	EndGlobalSection
EndGlobal
